
Microsoft Visual Studio Solution File, Format Version 12.00
# Visual Studio Version 16
VisualStudioVersion = 16.0.32901.82
MinimumVisualStudioVersion = 10.0.40219.1
Project("{FAE04EC0-301F-11D3-BF4B-00C04F79EFBC}") = "FitTalksDemo.DualContainer.API", "FitTalksDemo.DualContainer.API\FitTalksDemo.DualContainer.API.csproj", "{DD255EAB-9489-45CF-83DC-61E973928E49}"
EndProject
Project("{FAE04EC0-301F-11D3-BF4B-00C04F79EFBC}") = "FitTalksDemo.DualContainer.Common", "FitTalksDemo.DualContainer.Common\FitTalksDemo.DualContainer.Common.csproj", "{1BA388CF-DFEB-4C70-AF10-B9A9B2396101}"
EndProject
Project("{FAE04EC0-301F-11D3-BF4B-00C04F79EFBC}") = "FitTalksDemo.DualContainer.Data", "FitTalksDemo.DualContainer.Data\FitTalksDemo.DualContainer.Data.csproj", "{6AA3E9D3-6ECA-4C51-9A73-F12BAAF110EF}"
EndProject
Project("{FAE04EC0-301F-11D3-BF4B-00C04F79EFBC}") = "FitTalksDemo.DualContainer.Entities", "FitTalksDemo.DualContainer.Entities\FitTalksDemo.DualContainer.Entities.csproj", "{C6372446-6AF5-406A-ADEB-F44B88A063B6}"
EndProject
Project("{FAE04EC0-301F-11D3-BF4B-00C04F79EFBC}") = "FitTalksDemo.DualContainer.Service", "FitTalksDemo.DualContainer.Service\FitTalksDemo.DualContainer.Service.csproj", "{796D9B49-9270-4F55-B328-C958C0E7A7BF}"
EndProject
Global
	GlobalSection(SolutionConfigurationPlatforms) = preSolution
		Debug|Any CPU = Debug|Any CPU
		Release|Any CPU = Release|Any CPU
	EndGlobalSection
	GlobalSection(ProjectConfigurationPlatforms) = postSolution
		{DD255EAB-9489-45CF-83DC-61E973928E49}.Debug|Any CPU.ActiveCfg = Debug|Any CPU
		{DD255EAB-9489-45CF-83DC-61E973928E49}.Debug|Any CPU.Build.0 = Debug|Any CPU
		{DD255EAB-9489-45CF-83DC-61E973928E49}.Release|Any CPU.ActiveCfg = Release|Any CPU
		{DD255EAB-9489-45CF-83DC-61E973928E49}.Release|Any CPU.Build.0 = Release|Any CPU
		{1BA388CF-DFEB-4C70-AF10-B9A9B2396101}.Debug|Any CPU.ActiveCfg = Debug|Any CPU
		{1BA388CF-DFEB-4C70-AF10-B9A9B2396101}.Debug|Any CPU.Build.0 = Debug|Any CPU
		{1BA388CF-DFEB-4C70-AF10-B9A9B2396101}.Release|Any CPU.ActiveCfg = Release|Any CPU
		{1BA388CF-DFEB-4C70-AF10-B9A9B2396101}.Release|Any CPU.Build.0 = Release|Any CPU
		{6AA3E9D3-6ECA-4C51-9A73-F12BAAF110EF}.Debug|Any CPU.ActiveCfg = Debug|Any CPU
		{6AA3E9D3-6ECA-4C51-9A73-F12BAAF110EF}.Debug|Any CPU.Build.0 = Debug|Any CPU
		{6AA3E9D3-6ECA-4C51-9A73-F12BAAF110EF}.Release|Any CPU.ActiveCfg = Release|Any CPU
		{6AA3E9D3-6ECA-4C51-9A73-F12BAAF110EF}.Release|Any CPU.Build.0 = Release|Any CPU
		{C6372446-6AF5-406A-ADEB-F44B88A063B6}.Debug|Any CPU.ActiveCfg = Debug|Any CPU
		{C6372446-6AF5-406A-ADEB-F44B88A063B6}.Debug|Any CPU.Build.0 = Debug|Any CPU
		{C6372446-6AF5-406A-ADEB-F44B88A063B6}.Release|Any CPU.ActiveCfg = Release|Any CPU
		{C6372446-6AF5-406A-ADEB-F44B88A063B6}.Release|Any CPU.Build.0 = Release|Any CPU
		{796D9B49-9270-4F55-B328-C958C0E7A7BF}.Debug|Any CPU.ActiveCfg = Debug|Any CPU
		{796D9B49-9270-4F55-B328-C958C0E7A7BF}.Debug|Any CPU.Build.0 = Debug|Any CPU
		{796D9B49-9270-4F55-B328-C958C0E7A7BF}.Release|Any CPU.ActiveCfg = Release|Any CPU
		{796D9B49-9270-4F55-B328-C958C0E7A7BF}.Release|Any CPU.Build.0 = Release|Any CPU
	EndGlobalSection
	GlobalSection(SolutionProperties) = preSolution
		HideSolutionNode = FALSE
	EndGlobalSection
	GlobalSection(ExtensibilityGlobals) = postSolution
		SolutionGuid = {2B9817AF-6A89-4D34-BDB7-0B2BB985380C}
	EndGlobalSection
EndGlobal
